// !$*UTF8*$!
{
	archiveVersion = 1;
	classes = {
	};
	objectVersion = 55;
	objects = {

/* Begin PBXBuildFile section */
		073D23C427A8EF4800B74D5C /* AppDelegate.swift in Sources */ = {isa = PBXBuildFile; fileRef = 073D23C327A8EF4800B74D5C /* AppDelegate.swift */; };
		073D23C627A8EF4800B74D5C /* SceneDelegate.swift in Sources */ = {isa = PBXBuildFile; fileRef = 073D23C527A8EF4800B74D5C /* SceneDelegate.swift */; };
		073D23C827A8EF4800B74D5C /* ViewController.swift in Sources */ = {isa = PBXBuildFile; fileRef = 073D23C727A8EF4800B74D5C /* ViewController.swift */; };
		073D23CB27A8EF4900B74D5C /* Main.storyboard in Resources */ = {isa = PBXBuildFile; fileRef = 073D23C927A8EF4900B74D5C /* Main.storyboard */; };
		073D23CD27A8EF5A00B74D5C /* Assets.xcassets in Resources */ = {isa = PBXBuildFile; fileRef = 073D23CC27A8EF5A00B74D5C /* Assets.xcassets */; };
		073D23D027A8EF5A00B74D5C /* LaunchScreen.storyboard in Resources */ = {isa = PBXBuildFile; fileRef = 073D23CE27A8EF5A00B74D5C /* LaunchScreen.storyboard */; };
		073D23DB27A8EF5C00B74D5C /* BookUnoProjTests.swift in Sources */ = {isa = PBXBuildFile; fileRef = 073D23DA27A8EF5C00B74D5C /* BookUnoProjTests.swift */; };
		073D23E527A8EF5C00B74D5C /* BookUnoProjUITests.swift in Sources */ = {isa = PBXBuildFile; fileRef = 073D23E427A8EF5C00B74D5C /* BookUnoProjUITests.swift */; };
		073D23E727A8EF5C00B74D5C /* BookUnoProjUITestsLaunchTests.swift in Sources */ = {isa = PBXBuildFile; fileRef = 073D23E627A8EF5C00B74D5C /* BookUnoProjUITestsLaunchTests.swift */; };
		073D23F427AA70DB00B74D5C /* SignUpViewController.swift in Sources */ = {isa = PBXBuildFile; fileRef = 073D23F327AA70DA00B74D5C /* SignUpViewController.swift */; };
/* End PBXBuildFile section */

/* Begin PBXContainerItemProxy section */
		073D23D727A8EF5C00B74D5C /* PBXContainerItemProxy */ = {
			isa = PBXContainerItemProxy;
			containerPortal = 073D23B827A8EF4800B74D5C /* Project object */;
			proxyType = 1;
			remoteGlobalIDString = 073D23BF27A8EF4800B74D5C;
			remoteInfo = BookUnoProj;
		};
		073D23E127A8EF5C00B74D5C /* PBXContainerItemProxy */ = {
			isa = PBXContainerItemProxy;
			containerPortal = 073D23B827A8EF4800B74D5C /* Project object */;
			proxyType = 1;
			remoteGlobalIDString = 073D23BF27A8EF4800B74D5C;
			remoteInfo = BookUnoProj;
		};
/* End PBXContainerItemProxy section */

/* Begin PBXFileReference section */
		073D23C027A8EF4800B74D5C /* BookUnoProj.app */ = {isa = PBXFileReference; explicitFileType = wrapper.application; includeInIndex = 0; path = BookUnoProj.app; sourceTree = BUILT_PRODUCTS_DIR; };
		073D23C327A8EF4800B74D5C /* AppDelegate.swift */ = {isa = PBXFileReference; lastKnownFileType = sourcecode.swift; path = AppDelegate.swift; sourceTree = "<group>"; };
		073D23C527A8EF4800B74D5C /* SceneDelegate.swift */ = {isa = PBXFileReference; lastKnownFileType = sourcecode.swift; path = SceneDelegate.swift; sourceTree = "<group>"; };
		073D23C727A8EF4800B74D5C /* ViewController.swift */ = {isa = PBXFileReference; lastKnownFileType = sourcecode.swift; path = ViewController.swift; sourceTree = "<group>"; };
		073D23CA27A8EF4900B74D5C /* Base */ = {isa = PBXFileReference; lastKnownFileType = file.storyboard; name = Base; path = Base.lproj/Main.storyboard; sourceTree = "<group>"; };
		073D23CC27A8EF5A00B74D5C /* Assets.xcassets */ = {isa = PBXFileReference; lastKnownFileType = folder.assetcatalog; path = Assets.xcassets; sourceTree = "<group>"; };
		073D23CF27A8EF5A00B74D5C /* Base */ = {isa = PBXFileReference; lastKnownFileType = file.storyboard; name = Base; path = Base.lproj/LaunchScreen.storyboard; sourceTree = "<group>"; };
		073D23D127A8EF5A00B74D5C /* Info.plist */ = {isa = PBXFileReference; lastKnownFileType = text.plist.xml; path = Info.plist; sourceTree = "<group>"; };
		073D23D627A8EF5C00B74D5C /* BookUnoProjTests.xctest */ = {isa = PBXFileReference; explicitFileType = wrapper.cfbundle; includeInIndex = 0; path = BookUnoProjTests.xctest; sourceTree = BUILT_PRODUCTS_DIR; };
		073D23DA27A8EF5C00B74D5C /* BookUnoProjTests.swift */ = {isa = PBXFileReference; lastKnownFileType = sourcecode.swift; path = BookUnoProjTests.swift; sourceTree = "<group>"; };
		073D23E027A8EF5C00B74D5C /* BookUnoProjUITests.xctest */ = {isa = PBXFileReference; explicitFileType = wrapper.cfbundle; includeInIndex = 0; path = BookUnoProjUITests.xctest; sourceTree = BUILT_PRODUCTS_DIR; };
		073D23E427A8EF5C00B74D5C /* BookUnoProjUITests.swift */ = {isa = PBXFileReference; lastKnownFileType = sourcecode.swift; path = BookUnoProjUITests.swift; sourceTree = "<group>"; };
		073D23E627A8EF5C00B74D5C /* BookUnoProjUITestsLaunchTests.swift */ = {isa = PBXFileReference; lastKnownFileType = sourcecode.swift; path = BookUnoProjUITestsLaunchTests.swift; sourceTree = "<group>"; };
		073D23F327AA70DA00B74D5C /* SignUpViewController.swift */ = {isa = PBXFileReference; lastKnownFileType = sourcecode.swift; path = SignUpViewController.swift; sourceTree = "<group>"; };
/* End PBXFileReference section */

/* Begin PBXFrameworksBuildPhase section */
		073D23BD27A8EF4800B74D5C /* Frameworks */ = {
			isa = PBXFrameworksBuildPhase;
			buildActionMask = 2147483647;
			files = (
			);
			runOnlyForDeploymentPostprocessing = 0;
		};
		073D23D327A8EF5C00B74D5C /* Frameworks */ = {
			isa = PBXFrameworksBuildPhase;
			buildActionMask = 2147483647;
			files = (
			);
			runOnlyForDeploymentPostprocessing = 0;
		};
		073D23DD27A8EF5C00B74D5C /* Frameworks */ = {
			isa = PBXFrameworksBuildPhase;
			buildActionMask = 2147483647;
			files = (
			);
			runOnlyForDeploymentPostprocessing = 0;
		};
/* End PBXFrameworksBuildPhase section */

/* Begin PBXGroup section */
		073D23B727A8EF4800B74D5C = {
			isa = PBXGroup;
			children = (
				073D23C227A8EF4800B74D5C /* BookUnoProj */,
				073D23D927A8EF5C00B74D5C /* BookUnoProjTests */,
				073D23E327A8EF5C00B74D5C /* BookUnoProjUITests */,
				073D23C127A8EF4800B74D5C /* Products */,
			);
			sourceTree = "<group>";
		};
		073D23C127A8EF4800B74D5C /* Products */ = {
			isa = PBXGroup;
			children = (
				073D23C027A8EF4800B74D5C /* BookUnoProj.app */,
				073D23D627A8EF5C00B74D5C /* BookUnoProjTests.xctest */,
				073D23E027A8EF5C00B74D5C /* BookUnoProjUITests.xctest */,
			);
			name = Products;
			sourceTree = "<group>";
		};
		073D23C227A8EF4800B74D5C /* BookUnoProj */ = {
			isa = PBXGroup;
			children = (
				073D23F527AA70F000B74D5C /* Controllers */,
				073D23C327A8EF4800B74D5C /* AppDelegate.swift */,
				073D23C527A8EF4800B74D5C /* SceneDelegate.swift */,
				073D23C927A8EF4900B74D5C /* Main.storyboard */,
				073D23CC27A8EF5A00B74D5C /* Assets.xcassets */,
				073D23CE27A8EF5A00B74D5C /* LaunchScreen.storyboard */,
				073D23D127A8EF5A00B74D5C /* Info.plist */,
			);
			path = BookUnoProj;
			sourceTree = "<group>";
		};
		073D23D927A8EF5C00B74D5C /* BookUnoProjTests */ = {
			isa = PBXGroup;
			children = (
				073D23DA27A8EF5C00B74D5C /* BookUnoProjTests.swift */,
			);
			path = BookUnoProjTests;
			sourceTree = "<group>";
		};
		073D23E327A8EF5C00B74D5C /* BookUnoProjUITests */ = {
			isa = PBXGroup;
			children = (
				073D23E427A8EF5C00B74D5C /* BookUnoProjUITests.swift */,
				073D23E627A8EF5C00B74D5C /* BookUnoProjUITestsLaunchTests.swift */,
			);
			path = BookUnoProjUITests;
			sourceTree = "<group>";
		};
		073D23F527AA70F000B74D5C /* Controllers */ = {
			isa = PBXGroup;
			children = (
				073D23C727A8EF4800B74D5C /* ViewController.swift */,
				073D23F327AA70DA00B74D5C /* SignUpViewController.swift */,
			);
			path = Controllers;
			sourceTree = "<group>";
		};
/* End PBXGroup section */

/* Begin PBXNativeTarget section */
		073D23BF27A8EF4800B74D5C /* BookUnoProj */ = {
			isa = PBXNativeTarget;
			buildConfigurationList = 073D23EA27A8EF5C00B74D5C /* Build configuration list for PBXNativeTarget "BookUnoProj" */;
			buildPhases = (
				073D23BC27A8EF4800B74D5C /* Sources */,
				073D23BD27A8EF4800B74D5C /* Frameworks */,
				073D23BE27A8EF4800B74D5C /* Resources */,
			);
			buildRules = (
			);
			dependencies = (
			);
			name = BookUnoProj;
			productName = BookUnoProj;
			productReference = 073D23C027A8EF4800B74D5C /* BookUnoProj.app */;
			productType = "com.apple.product-type.application";
		};
		073D23D527A8EF5C00B74D5C /* BookUnoProjTests */ = {
			isa = PBXNativeTarget;
			buildConfigurationList = 073D23ED27A8EF5C00B74D5C /* Build configuration list for PBXNativeTarget "BookUnoProjTests" */;
			buildPhases = (
				073D23D227A8EF5C00B74D5C /* Sources */,
				073D23D327A8EF5C00B74D5C /* Frameworks */,
				073D23D427A8EF5C00B74D5C /* Resources */,
			);
			buildRules = (
			);
			dependencies = (
				073D23D827A8EF5C00B74D5C /* PBXTargetDependency */,
			);
			name = BookUnoProjTests;
			productName = BookUnoProjTests;
			productReference = 073D23D627A8EF5C00B74D5C /* BookUnoProjTests.xctest */;
			productType = "com.apple.product-type.bundle.unit-test";
		};
		073D23DF27A8EF5C00B74D5C /* BookUnoProjUITests */ = {
			isa = PBXNativeTarget;
			buildConfigurationList = 073D23F027A8EF5C00B74D5C /* Build configuration list for PBXNativeTarget "BookUnoProjUITests" */;
			buildPhases = (
				073D23DC27A8EF5C00B74D5C /* Sources */,
				073D23DD27A8EF5C00B74D5C /* Frameworks */,
				073D23DE27A8EF5C00B74D5C /* Resources */,
			);
			buildRules = (
			);
			dependencies = (
				073D23E227A8EF5C00B74D5C /* PBXTargetDependency */,
			);
			name = BookUnoProjUITests;
			productName = BookUnoProjUITests;
			productReference = 073D23E027A8EF5C00B74D5C /* BookUnoProjUITests.xctest */;
			productType = "com.apple.product-type.bundle.ui-testing";
		};
/* End PBXNativeTarget section */

/* Begin PBXProject section */
		073D23B827A8EF4800B74D5C /* Project object */ = {
			isa = PBXProject;
			attributes = {
				BuildIndependentTargetsInParallel = 1;
				LastSwiftUpdateCheck = 1320;
				LastUpgradeCheck = 1320;
				TargetAttributes = {
					073D23BF27A8EF4800B74D5C = {
						CreatedOnToolsVersion = 13.2.1;
					};
					073D23D527A8EF5C00B74D5C = {
						CreatedOnToolsVersion = 13.2.1;
						TestTargetID = 073D23BF27A8EF4800B74D5C;
					};
					073D23DF27A8EF5C00B74D5C = {
						CreatedOnToolsVersion = 13.2.1;
						TestTargetID = 073D23BF27A8EF4800B74D5C;
					};
				};
			};
			buildConfigurationList = 073D23BB27A8EF4800B74D5C /* Build configuration list for PBXProject "BookUnoProj" */;
			compatibilityVersion = "Xcode 13.0";
			developmentRegion = en;
			hasScannedForEncodings = 0;
			knownRegions = (
				en,
				Base,
			);
			mainGroup = 073D23B727A8EF4800B74D5C;
			productRefGroup = 073D23C127A8EF4800B74D5C /* Products */;
			projectDirPath = "";
			projectRoot = "";
			targets = (
				073D23BF27A8EF4800B74D5C /* BookUnoProj */,
				073D23D527A8EF5C00B74D5C /* BookUnoProjTests */,
				073D23DF27A8EF5C00B74D5C /* BookUnoProjUITests */,
			);
		};
/* End PBXProject section */

/* Begin PBXResourcesBuildPhase section */
		073D23BE27A8EF4800B74D5C /* Resources */ = {
			isa = PBXResourcesBuildPhase;
			buildActionMask = 2147483647;
			files = (
				073D23D027A8EF5A00B74D5C /* LaunchScreen.storyboard in Resources */,
				073D23CD27A8EF5A00B74D5C /* Assets.xcassets in Resources */,
				073D23CB27A8EF4900B74D5C /* Main.storyboard in Resources */,
			);
			runOnlyForDeploymentPostprocessing = 0;
		};
		073D23D427A8EF5C00B74D5C /* Resources */ = {
			isa = PBXResourcesBuildPhase;
			buildActionMask = 2147483647;
			files = (
			);
			runOnlyForDeploymentPostprocessing = 0;
		};
		073D23DE27A8EF5C00B74D5C /* Resources */ = {
			isa = PBXResourcesBuildPhase;
			buildActionMask = 2147483647;
			files = (
			);
			runOnlyForDeploymentPostprocessing = 0;
		};
/* End PBXResourcesBuildPhase section */

/* Begin PBXSourcesBuildPhase section */
		073D23BC27A8EF4800B74D5C /* Sources */ = {
			isa = PBXSourcesBuildPhase;
			buildActionMask = 2147483647;
			files = (
				073D23C827A8EF4800B74D5C /* ViewController.swift in Sources */,
				073D23C427A8EF4800B74D5C /* AppDelegate.swift in Sources */,
				073D23F427AA70DB00B74D5C /* SignUpViewController.swift in Sources */,
				073D23C627A8EF4800B74D5C /* SceneDelegate.swift in Sources */,
			);
			runOnlyForDeploymentPostprocessing = 0;
		};
		073D23D227A8EF5C00B74D5C /* Sources */ = {
			isa = PBXSourcesBuildPhase;
			buildActionMask = 2147483647;
			files = (
				073D23DB27A8EF5C00B74D5C /* BookUnoProjTests.swift in Sources */,
			);
			runOnlyForDeploymentPostprocessing = 0;
		};
		073D23DC27A8EF5C00B74D5C /* Sources */ = {
			isa = PBXSourcesBuildPhase;
			buildActionMask = 2147483647;
			files = (
				073D23E527A8EF5C00B74D5C /* BookUnoProjUITests.swift in Sources */,
				073D23E727A8EF5C00B74D5C /* BookUnoProjUITestsLaunchTests.swift in Sources */,
			);
			runOnlyForDeploymentPostprocessing = 0;
		};
/* End PBXSourcesBuildPhase section */

/* Begin PBXTargetDependency section */
		073D23D827A8EF5C00B74D5C /* PBXTargetDependency */ = {
			isa = PBXTargetDependency;
			target = 073D23BF27A8EF4800B74D5C /* BookUnoProj */;
			targetProxy = 073D23D727A8EF5C00B74D5C /* PBXContainerItemProxy */;
		};
		073D23E227A8EF5C00B74D5C /* PBXTargetDependency */ = {
			isa = PBXTargetDependency;
			target = 073D23BF27A8EF4800B74D5C /* BookUnoProj */;
			targetProxy = 073D23E127A8EF5C00B74D5C /* PBXContainerItemProxy */;
		};
/* End PBXTargetDependency section */

/* Begin PBXVariantGroup section */
		073D23C927A8EF4900B74D5C /* Main.storyboard */ = {
			isa = PBXVariantGroup;
			children = (
				073D23CA27A8EF4900B74D5C /* Base */,
			);
			name = Main.storyboard;
			sourceTree = "<group>";
		};
		073D23CE27A8EF5A00B74D5C /* LaunchScreen.storyboard */ = {
			isa = PBXVariantGroup;
			children = (
				073D23CF27A8EF5A00B74D5C /* Base */,
			);
			name = LaunchScreen.storyboard;
			sourceTree = "<group>";
		};
/* End PBXVariantGroup section */

/* Begin XCBuildConfiguration section */
		073D23E827A8EF5C00B74D5C /* Debug */ = {
			isa = XCBuildConfiguration;
			buildSettings = {
				ALWAYS_SEARCH_USER_PATHS = NO;
				CLANG_ANALYZER_NONNULL = YES;
				CLANG_ANALYZER_NUMBER_OBJECT_CONVERSION = YES_AGGRESSIVE;
				CLANG_CXX_LANGUAGE_STANDARD = "gnu++17";
				CLANG_CXX_LIBRARY = "libc++";
				CLANG_ENABLE_MODULES = YES;
				CLANG_ENABLE_OBJC_ARC = YES;
				CLANG_ENABLE_OBJC_WEAK = YES;
				CLANG_WARN_BLOCK_CAPTURE_AUTORELEASING = YES;
				CLANG_WARN_BOOL_CONVERSION = YES;
				CLANG_WARN_COMMA = YES;
				CLANG_WARN_CONSTANT_CONVERSION = YES;
				CLANG_WARN_DEPRECATED_OBJC_IMPLEMENTATIONS = YES;
				CLANG_WARN_DIRECT_OBJC_ISA_USAGE = YES_ERROR;
				CLANG_WARN_DOCUMENTATION_COMMENTS = YES;
				CLANG_WARN_EMPTY_BODY = YES;
				CLANG_WARN_ENUM_CONVERSION = YES;
				CLANG_WARN_INFINITE_RECURSION = YES;
				CLANG_WARN_INT_CONVERSION = YES;
				CLANG_WARN_NON_LITERAL_NULL_CONVERSION = YES;
				CLANG_WARN_OBJC_IMPLICIT_RETAIN_SELF = YES;
				CLANG_WARN_OBJC_LITERAL_CONVERSION = YES;
				CLANG_WARN_OBJC_ROOT_CLASS = YES_ERROR;
				CLANG_WARN_QUOTED_INCLUDE_IN_FRAMEWORK_HEADER = YES;
				CLANG_WARN_RANGE_LOOP_ANALYSIS = YES;
				CLANG_WARN_STRICT_PROTOTYPES = YES;
				CLANG_WARN_SUSPICIOUS_MOVE = YES;
				CLANG_WARN_UNGUARDED_AVAILABILITY = YES_AGGRESSIVE;
				CLANG_WARN_UNREACHABLE_CODE = YES;
				CLANG_WARN__DUPLICATE_METHOD_MATCH = YES;
				COPY_PHASE_STRIP = NO;
				DEBUG_INFORMATION_FORMAT = dwarf;
				ENABLE_STRICT_OBJC_MSGSEND = YES;
				ENABLE_TESTABILITY = YES;
				GCC_C_LANGUAGE_STANDARD = gnu11;
				GCC_DYNAMIC_NO_PIC = NO;
				GCC_NO_COMMON_BLOCKS = YES;
				GCC_OPTIMIZATION_LEVEL = 0;
				GCC_PREPROCESSOR_DEFINITIONS = (
					"DEBUG=1",
					"$(inherited)",
				);
				GCC_WARN_64_TO_32_BIT_CONVERSION = YES;
				GCC_WARN_ABOUT_RETURN_TYPE = YES_ERROR;
				GCC_WARN_UNDECLARED_SELECTOR = YES;
				GCC_WARN_UNINITIALIZED_AUTOS = YES_AGGRESSIVE;
				GCC_WARN_UNUSED_FUNCTION = YES;
				GCC_WARN_UNUSED_VARIABLE = YES;
				IPHONEOS_DEPLOYMENT_TARGET = 15.2;
				MTL_ENABLE_DEBUG_INFO = INCLUDE_SOURCE;
				MTL_FAST_MATH = YES;
				ONLY_ACTIVE_ARCH = YES;
				SDKROOT = iphoneos;
				SWIFT_ACTIVE_COMPILATION_CONDITIONS = DEBUG;
				SWIFT_OPTIMIZATION_LEVEL = "-Onone";
			};
			name = Debug;
		};
		073D23E927A8EF5C00B74D5C /* Release */ = {
			isa = XCBuildConfiguration;
			buildSettings = {
				ALWAYS_SEARCH_USER_PATHS = NO;
				CLANG_ANALYZER_NONNULL = YES;
				CLANG_ANALYZER_NUMBER_OBJECT_CONVERSION = YES_AGGRESSIVE;
				CLANG_CXX_LANGUAGE_STANDARD = "gnu++17";
				CLANG_CXX_LIBRARY = "libc++";
				CLANG_ENABLE_MODULES = YES;
				CLANG_ENABLE_OBJC_ARC = YES;
				CLANG_ENABLE_OBJC_WEAK = YES;
				CLANG_WARN_BLOCK_CAPTURE_AUTORELEASING = YES;
				CLANG_WARN_BOOL_CONVERSION = YES;
				CLANG_WARN_COMMA = YES;
				CLANG_WARN_CONSTANT_CONVERSION = YES;
				CLANG_WARN_DEPRECATED_OBJC_IMPLEMENTATIONS = YES;
				CLANG_WARN_DIRECT_OBJC_ISA_USAGE = YES_ERROR;
				CLANG_WARN_DOCUMENTATION_COMMENTS = YES;
				CLANG_WARN_EMPTY_BODY = YES;
				CLANG_WARN_ENUM_CONVERSION = YES;
				CLANG_WARN_INFINITE_RECURSION = YES;
				CLANG_WARN_INT_CONVERSION = YES;
				CLANG_WARN_NON_LITERAL_NULL_CONVERSION = YES;
				CLANG_WARN_OBJC_IMPLICIT_RETAIN_SELF = YES;
				CLANG_WARN_OBJC_LITERAL_CONVERSION = YES;
				CLANG_WARN_OBJC_ROOT_CLASS = YES_ERROR;
				CLANG_WARN_QUOTED_INCLUDE_IN_FRAMEWORK_HEADER = YES;
				CLANG_WARN_RANGE_LOOP_ANALYSIS = YES;
				CLANG_WARN_STRICT_PROTOTYPES = YES;
				CLANG_WARN_SUSPICIOUS_MOVE = YES;
				CLANG_WARN_UNGUARDED_AVAILABILITY = YES_AGGRESSIVE;
				CLANG_WARN_UNREACHABLE_CODE = YES;
				CLANG_WARN__DUPLICATE_METHOD_MATCH = YES;
				COPY_PHASE_STRIP = NO;
				DEBUG_INFORMATION_FORMAT = "dwarf-with-dsym";
				ENABLE_NS_ASSERTIONS = NO;
				ENABLE_STRICT_OBJC_MSGSEND = YES;
				GCC_C_LANGUAGE_STANDARD = gnu11;
				GCC_NO_COMMON_BLOCKS = YES;
				GCC_WARN_64_TO_32_BIT_CONVERSION = YES;
				GCC_WARN_ABOUT_RETURN_TYPE = YES_ERROR;
				GCC_WARN_UNDECLARED_SELECTOR = YES;
				GCC_WARN_UNINITIALIZED_AUTOS = YES_AGGRESSIVE;
				GCC_WARN_UNUSED_FUNCTION = YES;
				GCC_WARN_UNUSED_VARIABLE = YES;
				IPHONEOS_DEPLOYMENT_TARGET = 15.2;
				MTL_ENABLE_DEBUG_INFO = NO;
				MTL_FAST_MATH = YES;
				SDKROOT = iphoneos;
				SWIFT_COMPILATION_MODE = wholemodule;
				SWIFT_OPTIMIZATION_LEVEL = "-O";
				VALIDATE_PRODUCT = YES;
			};
			name = Release;
		};
		073D23EB27A8EF5C00B74D5C /* Debug */ = {
			isa = XCBuildConfiguration;
			buildSettings = {
				ASSETCATALOG_COMPILER_APPICON_NAME = AppIcon;
				ASSETCATALOG_COMPILER_GLOBAL_ACCENT_COLOR_NAME = AccentColor;
				CODE_SIGN_STYLE = Automatic;
				CURRENT_PROJECT_VERSION = 1;
				DEVELOPMENT_TEAM = AZ99N6F6UH;
				GENERATE_INFOPLIST_FILE = YES;
				INFOPLIST_FILE = BookUnoProj/Info.plist;
				INFOPLIST_KEY_UIApplicationSupportsIndirectInputEvents = YES;
				INFOPLIST_KEY_UILaunchStoryboardName = LaunchScreen;
				INFOPLIST_KEY_UIMainStoryboardFile = Main;
				INFOPLIST_KEY_UISupportedInterfaceOrientations_iPad = "UIInterfaceOrientationPortrait UIInterfaceOrientationPortraitUpsideDown UIInterfaceOrientationLandscapeLeft UIInterfaceOrientationLandscapeRight";
				INFOPLIST_KEY_UISupportedInterfaceOrientations_iPhone = "UIInterfaceOrientationPortrait UIInterfaceOrientationLandscapeLeft UIInterfaceOrientationLandscapeRight";
				IPHONEOS_DEPLOYMENT_TARGET = 14.0;
				LD_RUNPATH_SEARCH_PATHS = (
					"$(inherited)",
					"@executable_path/Frameworks",
				);
				MARKETING_VERSION = 1.0;
				PRODUCT_BUNDLE_IDENTIFIER = CSTP2305.BookUnoProj;
				PRODUCT_NAME = "$(TARGET_NAME)";
				SWIFT_EMIT_LOC_STRINGS = YES;
				SWIFT_VERSION = 5.0;
				TARGETED_DEVICE_FAMILY = "1,2";
			};
			name = Debug;
		};
		073D23EC27A8EF5C00B74D5C /* Release */ = {
			isa = XCBuildConfiguration;
			buildSettings = {
				ASSETCATALOG_COMPILER_APPICON_NAME = AppIcon;
				ASSETCATALOG_COMPILER_GLOBAL_ACCENT_COLOR_NAME = AccentColor;
				CODE_SIGN_STYLE = Automatic;
				CURRENT_PROJECT_VERSION = 1;
				DEVELOPMENT_TEAM = AZ99N6F6UH;
				GENERATE_INFOPLIST_FILE = YES;
				INFOPLIST_FILE = BookUnoProj/Info.plist;
				INFOPLIST_KEY_UIApplicationSupportsIndirectInputEvents = YES;
				INFOPLIST_KEY_UILaunchStoryboardName = LaunchScreen;
				INFOPLIST_KEY_UIMainStoryboardFile = Main;
				INFOPLIST_KEY_UISupportedInterfaceOrientations_iPad = "UIInterfaceOrientationPortrait UIInterfaceOrientationPortraitUpsideDown UIInterfaceOrientationLandscapeLeft UIInterfaceOrientationLandscapeRight";
				INFOPLIST_KEY_UISupportedInterfaceOrientations_iPhone = "UIInterfaceOrientationPortrait UIInterfaceOrientationLandscapeLeft UIInterfaceOrientationLandscapeRight";
				IPHONEOS_DEPLOYMENT_TARGET = 14.0;
				LD_RUNPATH_SEARCH_PATHS = (
					"$(inherited)",
					"@executable_path/Frameworks",
				);
				MARKETING_VERSION = 1.0;
				PRODUCT_BUNDLE_IDENTIFIER = CSTP2305.BookUnoProj;
				PRODUCT_NAME = "$(TARGET_NAME)";
				SWIFT_EMIT_LOC_STRINGS = YES;
				SWIFT_VERSION = 5.0;
				TARGETED_DEVICE_FAMILY = "1,2";
			};
			name = Release;
		};
		073D23EE27A8EF5C00B74D5C /* Debug */ = {
			isa = XCBuildConfiguration;
			buildSettings = {
				ALWAYS_EMBED_SWIFT_STANDARD_LIBRARIES = YES;
				BUNDLE_LOADER = "$(TEST_HOST)";
				CODE_SIGN_STYLE = Automatic;
				CURRENT_PROJECT_VERSION = 1;
				DEVELOPMENT_TEAM = AZ99N6F6UH;
				GENERATE_INFOPLIST_FILE = YES;
				IPHONEOS_DEPLOYMENT_TARGET = 15.2;
				MARKETING_VERSION = 1.0;
				PRODUCT_BUNDLE_IDENTIFIER = CSTP2305.BookUnoProjTests;
				PRODUCT_NAME = "$(TARGET_NAME)";
				SWIFT_EMIT_LOC_STRINGS = NO;
				SWIFT_VERSION = 5.0;
				TARGETED_DEVICE_FAMILY = "1,2";
				TEST_HOST = "$(BUILT_PRODUCTS_DIR)/BookUnoProj.app/BookUnoProj";
			};
			name = Debug;
		};
		073D23EF27A8EF5C00B74D5C /* Release */ = {
			isa = XCBuildConfiguration;
			buildSettings = {
				ALWAYS_EMBED_SWIFT_STANDARD_LIBRARIES = YES;
				BUNDLE_LOADER = "$(TEST_HOST)";
				CODE_SIGN_STYLE = Automatic;
				CURRENT_PROJECT_VERSION = 1;
				DEVELOPMENT_TEAM = AZ99N6F6UH;
				GENERATE_INFOPLIST_FILE = YES;
				IPHONEOS_DEPLOYMENT_TARGET = 15.2;
				MARKETING_VERSION = 1.0;
				PRODUCT_BUNDLE_IDENTIFIER = CSTP2305.BookUnoProjTests;
				PRODUCT_NAME = "$(TARGET_NAME)";
				SWIFT_EMIT_LOC_STRINGS = NO;
				SWIFT_VERSION = 5.0;
				TARGETED_DEVICE_FAMILY = "1,2";
				TEST_HOST = "$(BUILT_PRODUCTS_DIR)/BookUnoProj.app/BookUnoProj";
			};
			name = Release;
		};
		073D23F127A8EF5C00B74D5C /* Debug */ = {
			isa = XCBuildConfiguration;
			buildSettings = {
				ALWAYS_EMBED_SWIFT_STANDARD_LIBRARIES = YES;
				CODE_SIGN_STYLE = Automatic;
				CURRENT_PROJECT_VERSION = 1;
				DEVELOPMENT_TEAM = AZ99N6F6UH;
				GENERATE_INFOPLIST_FILE = YES;
				MARKETING_VERSION = 1.0;
				PRODUCT_BUNDLE_IDENTIFIER = CSTP2305.BookUnoProjUITests;
				PRODUCT_NAME = "$(TARGET_NAME)";
				SWIFT_EMIT_LOC_STRINGS = NO;
				SWIFT_VERSION = 5.0;
				TARGETED_DEVICE_FAMILY = "1,2";
				TEST_TARGET_NAME = BookUnoProj;
			};
			name = Debug;
		};
		073D23F227A8EF5C00B74D5C /* Release */ = {
			isa = XCBuildConfiguration;
			buildSettings = {
				ALWAYS_EMBED_SWIFT_STANDARD_LIBRARIES = YES;
				CODE_SIGN_STYLE = Automatic;
				CURRENT_PROJECT_VERSION = 1;
				DEVELOPMENT_TEAM = AZ99N6F6UH;
				GENERATE_INFOPLIST_FILE = YES;
				MARKETING_VERSION = 1.0;
				PRODUCT_BUNDLE_IDENTIFIER = CSTP2305.BookUnoProjUITests;
				PRODUCT_NAME = "$(TARGET_NAME)";
				SWIFT_EMIT_LOC_STRINGS = NO;
				SWIFT_VERSION = 5.0;
				TARGETED_DEVICE_FAMILY = "1,2";
				TEST_TARGET_NAME = BookUnoProj;
			};
			name = Release;
		};
/* End XCBuildConfiguration section */

/* Begin XCConfigurationList section */
		073D23BB27A8EF4800B74D5C /* Build configuration list for PBXProject "BookUnoProj" */ = {
			isa = XCConfigurationList;
			buildConfigurations = (
				073D23E827A8EF5C00B74D5C /* Debug */,
				073D23E927A8EF5C00B74D5C /* Release */,
			);
			defaultConfigurationIsVisible = 0;
			defaultConfigurationName = Release;
		};
		073D23EA27A8EF5C00B74D5C /* Build configuration list for PBXNativeTarget "BookUnoProj" */ = {
			isa = XCConfigurationList;
			buildConfigurations = (
				073D23EB27A8EF5C00B74D5C /* Debug */,
				073D23EC27A8EF5C00B74D5C /* Release */,
			);
			defaultConfigurationIsVisible = 0;
			defaultConfigurationName = Release;
		};
		073D23ED27A8EF5C00B74D5C /* Build configuration list for PBXNativeTarget "BookUnoProjTests" */ = {
			isa = XCConfigurationList;
			buildConfigurations = (
				073D23EE27A8EF5C00B74D5C /* Debug */,
				073D23EF27A8EF5C00B74D5C /* Release */,
			);
			defaultConfigurationIsVisible = 0;
			defaultConfigurationName = Release;
		};
		073D23F027A8EF5C00B74D5C /* Build configuration list for PBXNativeTarget "BookUnoProjUITests" */ = {
			isa = XCConfigurationList;
			buildConfigurations = (
				073D23F127A8EF5C00B74D5C /* Debug */,
				073D23F227A8EF5C00B74D5C /* Release */,
			);
			defaultConfigurationIsVisible = 0;
			defaultConfigurationName = Release;
		};
/* End XCConfigurationList section */
	};
	rootObject = 073D23B827A8EF4800B74D5C /* Project object */;
}
